
Microsoft Visual Studio Solution File, Format Version 12.00
# Visual Studio Version 17
VisualStudioVersion = 17.7.34221.43
MinimumVisualStudioVersion = 10.0.40219.1
Project("{FAE04EC0-301F-11D3-BF4B-00C04F79EFBC}") = "Salera_BPNN", "Salera_BPNN\Salera_BPNN.csproj", "{C310E5FD-85C6-4D3B-A5A8-F5119393B1EF}"
EndProject
Global
	GlobalSection(SolutionConfigurationPlatforms) = preSolution
		Debug|Any CPU = Debug|Any CPU
		Release|Any CPU = Release|Any CPU
	EndGlobalSection
	GlobalSection(ProjectConfigurationPlatforms) = postSolution
		{C310E5FD-85C6-4D3B-A5A8-F5119393B1EF}.Debug|Any CPU.ActiveCfg = Debug|Any CPU
		{C310E5FD-85C6-4D3B-A5A8-F5119393B1EF}.Debug|Any CPU.Build.0 = Debug|Any CPU
		{C310E5FD-85C6-4D3B-A5A8-F5119393B1EF}.Release|Any CPU.ActiveCfg = Release|Any CPU
		{C310E5FD-85C6-4D3B-A5A8-F5119393B1EF}.Release|Any CPU.Build.0 = Release|Any CPU
	EndGlobalSection
	GlobalSection(SolutionProperties) = preSolution
		HideSolutionNode = FALSE
	EndGlobalSection
	GlobalSection(ExtensibilityGlobals) = postSolution
		SolutionGuid = {97FAA177-80B4-4961-A819-F4E15A56DCAE}
	EndGlobalSection
EndGlobal
